PODS:
  - MBProgressHUD (1.2.0)
  - "MBProgressHUD+JDragon (0.0.6)":
    - MBProgressHUD

DEPENDENCIES:
  - "MBProgressHUD+JDragon (from `../MBProgressHUD+JDragon.podspec`)"

SPEC REPOS:
  trunk:
    - MBProgressHUD

EXTERNAL SOURCES:
  "MBProgressHUD+JDragon":
    :path: "../MBProgressHUD+JDragon.podspec"

SPEC CHECKSUMS:
  MBProgressHUD: 3ee5efcc380f6a79a7cc9b363dd669c5e1ae7406
  "MBProgressHUD+JDragon": 193fe7f0081a548be1c63f767267d27d0944cb62

PODFILE CHECKSUM: e8b6da277cd9e9c4af8e4594738b7e9b0c6d4f20

COCOAPODS: 1.9.1
